
Microsoft Visual Studio Solution File, Format Version 12.00
# Visual Studio Version 16
VisualStudioVersion = 16.0.30011.22
MinimumVisualStudioVersion = 10.0.40219.1
Project("{FAE04EC0-301F-11D3-BF4B-00C04F79EFBC}") = "Ex1", "Ex1\Ex1.csproj", "{06DE3301-58E4-434D-A328-49544F0EB7FB}"
EndProject
Global
	GlobalSection(SolutionConfigurationPlatforms) = preSolution
		Debug|Any CPU = Debug|Any CPU
		Release|Any CPU = Release|Any CPU
	EndGlobalSection
	GlobalSection(ProjectConfigurationPlatforms) = postSolution
		{06DE3301-58E4-434D-A328-49544F0EB7FB}.Debug|Any CPU.ActiveCfg = Debug|Any CPU
		{06DE3301-58E4-434D-A328-49544F0EB7FB}.Debug|Any CPU.Build.0 = Debug|Any CPU
		{06DE3301-58E4-434D-A328-49544F0EB7FB}.Release|Any CPU.ActiveCfg = Release|Any CPU
		{06DE3301-58E4-434D-A328-49544F0EB7FB}.Release|Any CPU.Build.0 = Release|Any CPU
	EndGlobalSection
	GlobalSection(SolutionProperties) = preSolution
		HideSolutionNode = FALSE
	EndGlobalSection
	GlobalSection(ExtensibilityGlobals) = postSolution
		SolutionGuid = {F9D153D6-06B5-4868-8C8D-1AC51AB13A22}
	EndGlobalSection
EndGlobal
