
Microsoft Visual Studio Solution File, Format Version 12.00
# Visual Studio Version 16
VisualStudioVersion = 16.0.30011.22
MinimumVisualStudioVersion = 10.0.40219.1
Project("{FAE04EC0-301F-11D3-BF4B-00C04F79EFBC}") = "Questao 19", "Questao 19.csproj", "{6EBB0EAA-1E85-43AC-B0ED-B9D1D73D9A4E}"
EndProject
Global
	GlobalSection(SolutionConfigurationPlatforms) = preSolution
		Debug|Any CPU = Debug|Any CPU
		Release|Any CPU = Release|Any CPU
	EndGlobalSection
	GlobalSection(ProjectConfigurationPlatforms) = postSolution
		{6EBB0EAA-1E85-43AC-B0ED-B9D1D73D9A4E}.Debug|Any CPU.ActiveCfg = Debug|Any CPU
		{6EBB0EAA-1E85-43AC-B0ED-B9D1D73D9A4E}.Debug|Any CPU.Build.0 = Debug|Any CPU
		{6EBB0EAA-1E85-43AC-B0ED-B9D1D73D9A4E}.Release|Any CPU.ActiveCfg = Release|Any CPU
		{6EBB0EAA-1E85-43AC-B0ED-B9D1D73D9A4E}.Release|Any CPU.Build.0 = Release|Any CPU
	EndGlobalSection
	GlobalSection(SolutionProperties) = preSolution
		HideSolutionNode = FALSE
	EndGlobalSection
	GlobalSection(ExtensibilityGlobals) = postSolution
		SolutionGuid = {A3C2CCC1-23D5-4ED8-9150-48AEC4843F84}
	EndGlobalSection
EndGlobal
