
Microsoft Visual Studio Solution File, Format Version 12.00
# Visual Studio Version 16
VisualStudioVersion = 16.0.30011.22
MinimumVisualStudioVersion = 10.0.40219.1
Project("{FAE04EC0-301F-11D3-BF4B-00C04F79EFBC}") = "Questao 16", "Questao 16.csproj", "{1F78A3F8-CC9F-4A56-A78B-C33C7E4B7C94}"
EndProject
Global
	GlobalSection(SolutionConfigurationPlatforms) = preSolution
		Debug|Any CPU = Debug|Any CPU
		Release|Any CPU = Release|Any CPU
	EndGlobalSection
	GlobalSection(ProjectConfigurationPlatforms) = postSolution
		{1F78A3F8-CC9F-4A56-A78B-C33C7E4B7C94}.Debug|Any CPU.ActiveCfg = Debug|Any CPU
		{1F78A3F8-CC9F-4A56-A78B-C33C7E4B7C94}.Debug|Any CPU.Build.0 = Debug|Any CPU
		{1F78A3F8-CC9F-4A56-A78B-C33C7E4B7C94}.Release|Any CPU.ActiveCfg = Release|Any CPU
		{1F78A3F8-CC9F-4A56-A78B-C33C7E4B7C94}.Release|Any CPU.Build.0 = Release|Any CPU
	EndGlobalSection
	GlobalSection(SolutionProperties) = preSolution
		HideSolutionNode = FALSE
	EndGlobalSection
	GlobalSection(ExtensibilityGlobals) = postSolution
		SolutionGuid = {C7B45C57-B3C7-44FB-AB63-41FFCCD02CFC}
	EndGlobalSection
EndGlobal
